// !$*UTF8*$!
{
	archiveVersion = 1;
	classes = {
	};
	objectVersion = 56;
	objects = {

/* Begin PBXBuildFile section */
		9812FE542BCAF56100CF45CC /* animationButton.json in Resources */ = {isa = PBXBuildFile; fileRef = 9812FE532BCAF56100CF45CC /* animationButton.json */; };
		9812FE582BCAFE9500CF45CC /* Closures.swift in Sources */ = {isa = PBXBuildFile; fileRef = 9812FE572BCAFE9500CF45CC /* Closures.swift */; };
		9812FE5A2BCB0E0F00CF45CC /* MainTabBarController.swift in Sources */ = {isa = PBXBuildFile; fileRef = 9812FE592BCB0E0F00CF45CC /* MainTabBarController.swift */; };
		9812FE5E2BCB178B00CF45CC /* UniversityViewModel.swift in Sources */ = {isa = PBXBuildFile; fileRef = 9812FE5D2BCB178B00CF45CC /* UniversityViewModel.swift */; };
		9812FE602BCB179C00CF45CC /* UniversityViewController.swift in Sources */ = {isa = PBXBuildFile; fileRef = 9812FE5F2BCB179C00CF45CC /* UniversityViewController.swift */; };
		9812FE622BCB17AE00CF45CC /* FavoriteViewController.swift in Sources */ = {isa = PBXBuildFile; fileRef = 9812FE612BCB17AE00CF45CC /* FavoriteViewController.swift */; };
		9812FE642BCB17CC00CF45CC /* FavoriteViewModel.swift in Sources */ = {isa = PBXBuildFile; fileRef = 9812FE632BCB17CC00CF45CC /* FavoriteViewModel.swift */; };
		9812FE672BCB22B100CF45CC /* Alamofire in Frameworks */ = {isa = PBXBuildFile; productRef = 9812FE662BCB22B100CF45CC /* Alamofire */; };
		982652882BCBF6E40020C3B8 /* ProvinceCell.swift in Sources */ = {isa = PBXBuildFile; fileRef = 982652872BCBF6E40020C3B8 /* ProvinceCell.swift */; };
		9826528B2BCBF6F90020C3B8 /* ProvinceCellModel.swift in Sources */ = {isa = PBXBuildFile; fileRef = 9826528A2BCBF6F90020C3B8 /* ProvinceCellModel.swift */; };
		9826528E2BCBFF720020C3B8 /* Kingfisher in Frameworks */ = {isa = PBXBuildFile; productRef = 9826528D2BCBFF720020C3B8 /* Kingfisher */; };
		982652912BCBFFAD0020C3B8 /* UIImage+Extension.swift in Sources */ = {isa = PBXBuildFile; fileRef = 982652902BCBFFAD0020C3B8 /* UIImage+Extension.swift */; };
		983E42BD2BCADBBB00237EAB /* SplashViewModel.swift in Sources */ = {isa = PBXBuildFile; fileRef = 983E42BC2BCADBBB00237EAB /* SplashViewModel.swift */; };
		983E42BF2BCADBD400237EAB /* SplashViewController.swift in Sources */ = {isa = PBXBuildFile; fileRef = 983E42BE2BCADBD400237EAB /* SplashViewController.swift */; };
		98E57AF52BB6F65600E6AF5D /* AppDelegate.swift in Sources */ = {isa = PBXBuildFile; fileRef = 98E57AF42BB6F65600E6AF5D /* AppDelegate.swift */; };
		98E57AFE2BB6F65800E6AF5D /* Assets.xcassets in Resources */ = {isa = PBXBuildFile; fileRef = 98E57AFD2BB6F65800E6AF5D /* Assets.xcassets */; };
		98E57B012BB6F65800E6AF5D /* LaunchScreen.storyboard in Resources */ = {isa = PBXBuildFile; fileRef = 98E57AFF2BB6F65800E6AF5D /* LaunchScreen.storyboard */; };
		98E57B0C2BB6F86200E6AF5D /* MainNavigationController.swift in Sources */ = {isa = PBXBuildFile; fileRef = 98E57B0B2BB6F86200E6AF5D /* MainNavigationController.swift */; };
		98E57B1E2BB6FE7C00E6AF5D /* Images.xcassets in Resources */ = {isa = PBXBuildFile; fileRef = 98E57B1D2BB6FE7C00E6AF5D /* Images.xcassets */; };
		98E57B202BB6FE8800E6AF5D /* Icons.xcassets in Resources */ = {isa = PBXBuildFile; fileRef = 98E57B1F2BB6FE8800E6AF5D /* Icons.xcassets */; };
		98E57B222BB6FE9100E6AF5D /* Colors.xcassets in Resources */ = {isa = PBXBuildFile; fileRef = 98E57B212BB6FE9100E6AF5D /* Colors.xcassets */; };
		98E57B252BB7020500E6AF5D /* TinyConstraints in Frameworks */ = {isa = PBXBuildFile; productRef = 98E57B242BB7020500E6AF5D /* TinyConstraints */; };
		98E7BAAB2BC9D242002DD4AC /* Lottie in Frameworks */ = {isa = PBXBuildFile; productRef = 98E7BAAA2BC9D242002DD4AC /* Lottie */; };
		98E7BAB32BC9D6C9002DD4AC /* Datas.swift in Sources */ = {isa = PBXBuildFile; fileRef = 98E7BAB22BC9D6C9002DD4AC /* Datas.swift */; };
		98E7BAB52BC9D6E2002DD4AC /* University.swift in Sources */ = {isa = PBXBuildFile; fileRef = 98E7BAB42BC9D6E2002DD4AC /* University.swift */; };
		98E7BAB72BC9D6F9002DD4AC /* UniversityDetail.swift in Sources */ = {isa = PBXBuildFile; fileRef = 98E7BAB62BC9D6F9002DD4AC /* UniversityDetail.swift */; };
		98E7BAB92BC9D723002DD4AC /* APICaller.swift in Sources */ = {isa = PBXBuildFile; fileRef = 98E7BAB82BC9D723002DD4AC /* APICaller.swift */; };
		98E7BAC12BC9D783002DD4AC /* NetworkConstants.swift in Sources */ = {isa = PBXBuildFile; fileRef = 98E7BAC02BC9D783002DD4AC /* NetworkConstants.swift */; };
		98E7BAC72BC9DDA3002DD4AC /* e.json in Resources */ = {isa = PBXBuildFile; fileRef = 98E7BAC22BC9DDA3002DD4AC /* e.json */; };
/* End PBXBuildFile section */

/* Begin PBXFileReference section */
		9812FE532BCAF56100CF45CC /* animationButton.json */ = {isa = PBXFileReference; fileEncoding = 4; lastKnownFileType = text.json; path = animationButton.json; sourceTree = "<group>"; };
		9812FE572BCAFE9500CF45CC /* Closures.swift */ = {isa = PBXFileReference; lastKnownFileType = sourcecode.swift; path = Closures.swift; sourceTree = "<group>"; };
		9812FE592BCB0E0F00CF45CC /* MainTabBarController.swift */ = {isa = PBXFileReference; lastKnownFileType = sourcecode.swift; path = MainTabBarController.swift; sourceTree = "<group>"; };
		9812FE5D2BCB178B00CF45CC /* UniversityViewModel.swift */ = {isa = PBXFileReference; lastKnownFileType = sourcecode.swift; path = UniversityViewModel.swift; sourceTree = "<group>"; };
		9812FE5F2BCB179C00CF45CC /* UniversityViewController.swift */ = {isa = PBXFileReference; lastKnownFileType = sourcecode.swift; path = UniversityViewController.swift; sourceTree = "<group>"; };
		9812FE612BCB17AE00CF45CC /* FavoriteViewController.swift */ = {isa = PBXFileReference; lastKnownFileType = sourcecode.swift; path = FavoriteViewController.swift; sourceTree = "<group>"; };
		9812FE632BCB17CC00CF45CC /* FavoriteViewModel.swift */ = {isa = PBXFileReference; lastKnownFileType = sourcecode.swift; path = FavoriteViewModel.swift; sourceTree = "<group>"; };
		982652872BCBF6E40020C3B8 /* ProvinceCell.swift */ = {isa = PBXFileReference; lastKnownFileType = sourcecode.swift; path = ProvinceCell.swift; sourceTree = "<group>"; };
		9826528A2BCBF6F90020C3B8 /* ProvinceCellModel.swift */ = {isa = PBXFileReference; lastKnownFileType = sourcecode.swift; path = ProvinceCellModel.swift; sourceTree = "<group>"; };
		982652902BCBFFAD0020C3B8 /* UIImage+Extension.swift */ = {isa = PBXFileReference; lastKnownFileType = sourcecode.swift; path = "UIImage+Extension.swift"; sourceTree = "<group>"; };
		983E42BC2BCADBBB00237EAB /* SplashViewModel.swift */ = {isa = PBXFileReference; lastKnownFileType = sourcecode.swift; path = SplashViewModel.swift; sourceTree = "<group>"; };
		983E42BE2BCADBD400237EAB /* SplashViewController.swift */ = {isa = PBXFileReference; lastKnownFileType = sourcecode.swift; path = SplashViewController.swift; sourceTree = "<group>"; };
		98E57AF12BB6F65600E6AF5D /* UniversitiesApp.app */ = {isa = PBXFileReference; explicitFileType = wrapper.application; includeInIndex = 0; path = UniversitiesApp.app; sourceTree = BUILT_PRODUCTS_DIR; };
		98E57AF42BB6F65600E6AF5D /* AppDelegate.swift */ = {isa = PBXFileReference; lastKnownFileType = sourcecode.swift; path = AppDelegate.swift; sourceTree = "<group>"; };
		98E57AFD2BB6F65800E6AF5D /* Assets.xcassets */ = {isa = PBXFileReference; lastKnownFileType = folder.assetcatalog; path = Assets.xcassets; sourceTree = "<group>"; };
		98E57B002BB6F65800E6AF5D /* Base */ = {isa = PBXFileReference; lastKnownFileType = file.storyboard; name = Base; path = Base.lproj/LaunchScreen.storyboard; sourceTree = "<group>"; };
		98E57B022BB6F65800E6AF5D /* Info.plist */ = {isa = PBXFileReference; lastKnownFileType = text.plist.xml; path = Info.plist; sourceTree = "<group>"; };
		98E57B0B2BB6F86200E6AF5D /* MainNavigationController.swift */ = {isa = PBXFileReference; lastKnownFileType = sourcecode.swift; name = MainNavigationController.swift; path = UniversitiesApp/Scenes/MainNavigationController.swift; sourceTree = SOURCE_ROOT; };
		98E57B1D2BB6FE7C00E6AF5D /* Images.xcassets */ = {isa = PBXFileReference; lastKnownFileType = folder.assetcatalog; path = Images.xcassets; sourceTree = "<group>"; };
		98E57B1F2BB6FE8800E6AF5D /* Icons.xcassets */ = {isa = PBXFileReference; lastKnownFileType = folder.assetcatalog; path = Icons.xcassets; sourceTree = "<group>"; };
		98E57B212BB6FE9100E6AF5D /* Colors.xcassets */ = {isa = PBXFileReference; lastKnownFileType = folder.assetcatalog; path = Colors.xcassets; sourceTree = "<group>"; };
		98E7BAB22BC9D6C9002DD4AC /* Datas.swift */ = {isa = PBXFileReference; lastKnownFileType = sourcecode.swift; path = Datas.swift; sourceTree = "<group>"; };
		98E7BAB42BC9D6E2002DD4AC /* University.swift */ = {isa = PBXFileReference; lastKnownFileType = sourcecode.swift; path = University.swift; sourceTree = "<group>"; };
		98E7BAB62BC9D6F9002DD4AC /* UniversityDetail.swift */ = {isa = PBXFileReference; lastKnownFileType = sourcecode.swift; path = UniversityDetail.swift; sourceTree = "<group>"; };
		98E7BAB82BC9D723002DD4AC /* APICaller.swift */ = {isa = PBXFileReference; lastKnownFileType = sourcecode.swift; path = APICaller.swift; sourceTree = "<group>"; };
		98E7BAC02BC9D783002DD4AC /* NetworkConstants.swift */ = {isa = PBXFileReference; lastKnownFileType = sourcecode.swift; path = NetworkConstants.swift; sourceTree = "<group>"; };
		98E7BAC22BC9DDA3002DD4AC /* e.json */ = {isa = PBXFileReference; fileEncoding = 4; lastKnownFileType = text.json; path = e.json; sourceTree = "<group>"; };
/* End PBXFileReference section */

/* Begin PBXFrameworksBuildPhase section */
		98E57AEE2BB6F65600E6AF5D /* Frameworks */ = {
			isa = PBXFrameworksBuildPhase;
			buildActionMask = 2147483647;
			files = (
				9826528E2BCBFF720020C3B8 /* Kingfisher in Frameworks */,
				9812FE672BCB22B100CF45CC /* Alamofire in Frameworks */,
				98E57B252BB7020500E6AF5D /* TinyConstraints in Frameworks */,
				98E7BAAB2BC9D242002DD4AC /* Lottie in Frameworks */,
			);
			runOnlyForDeploymentPostprocessing = 0;
		};
/* End PBXFrameworksBuildPhase section */

/* Begin PBXGroup section */
		9812FE552BCAFE4000CF45CC /* Utilities */ = {
			isa = PBXGroup;
			children = (
				9812FE562BCAFE4F00CF45CC /* Closures */,
			);
			path = Utilities;
			sourceTree = "<group>";
		};
		9812FE562BCAFE4F00CF45CC /* Closures */ = {
			isa = PBXGroup;
			children = (
				9812FE572BCAFE9500CF45CC /* Closures.swift */,
			);
			path = Closures;
			sourceTree = "<group>";
		};
		9812FE5B2BCB175400CF45CC /* University */ = {
			isa = PBXGroup;
			children = (
				9812FE5D2BCB178B00CF45CC /* UniversityViewModel.swift */,
				9812FE5F2BCB179C00CF45CC /* UniversityViewController.swift */,
			);
			path = University;
			sourceTree = "<group>";
		};
		9812FE5C2BCB175B00CF45CC /* Favorite */ = {
			isa = PBXGroup;
			children = (
				9812FE632BCB17CC00CF45CC /* FavoriteViewModel.swift */,
				9812FE612BCB17AE00CF45CC /* FavoriteViewController.swift */,
			);
			path = Favorite;
			sourceTree = "<group>";
		};
		982652852BCBF6800020C3B8 /* University */ = {
			isa = PBXGroup;
			children = (
				9826528A2BCBF6F90020C3B8 /* ProvinceCellModel.swift */,
				982652872BCBF6E40020C3B8 /* ProvinceCell.swift */,
			);
			path = University;
			sourceTree = "<group>";
		};
		9826528F2BCBFF9A0020C3B8 /* Extension */ = {
			isa = PBXGroup;
			children = (
				982652902BCBFFAD0020C3B8 /* UIImage+Extension.swift */,
			);
			path = Extension;
			sourceTree = "<group>";
		};
		983E42BB2BCADBAC00237EAB /* Splash */ = {
			isa = PBXGroup;
			children = (
				983E42BC2BCADBBB00237EAB /* SplashViewModel.swift */,
				983E42BE2BCADBD400237EAB /* SplashViewController.swift */,
			);
			path = Splash;
			sourceTree = "<group>";
		};
		98E57AE82BB6F65600E6AF5D = {
			isa = PBXGroup;
			children = (
				98E57AF32BB6F65600E6AF5D /* UniversitiesApp */,
				98E57AF22BB6F65600E6AF5D /* Products */,
			);
			sourceTree = "<group>";
		};
		98E57AF22BB6F65600E6AF5D /* Products */ = {
			isa = PBXGroup;
			children = (
				98E57AF12BB6F65600E6AF5D /* UniversitiesApp.app */,
			);
			name = Products;
			sourceTree = "<group>";
		};
		98E57AF32BB6F65600E6AF5D /* UniversitiesApp */ = {
			isa = PBXGroup;
			children = (
				98E57B082BB6F68100E6AF5D /* AppDelegates */,
				98E57B092BB6F82A00E6AF5D /* Scenes */,
				98E57B132BB6FD3F00E6AF5D /* UIComponents */,
				98E7BAAF2BC9D66C002DD4AC /* DataProvider */,
				9812FE552BCAFE4000CF45CC /* Utilities */,
				98E57AFF2BB6F65800E6AF5D /* LaunchScreen.storyboard */,
				98E57B022BB6F65800E6AF5D /* Info.plist */,
			);
			path = UniversitiesApp;
			sourceTree = "<group>";
		};
		98E57B082BB6F68100E6AF5D /* AppDelegates */ = {
			isa = PBXGroup;
			children = (
				98E57AF42BB6F65600E6AF5D /* AppDelegate.swift */,
			);
			path = AppDelegates;
			sourceTree = "<group>";
		};
		98E57B092BB6F82A00E6AF5D /* Scenes */ = {
			isa = PBXGroup;
			children = (
				98E57B0A2BB6F83100E6AF5D /* Main */,
				983E42BB2BCADBAC00237EAB /* Splash */,
				9812FE5B2BCB175400CF45CC /* University */,
				9812FE5C2BCB175B00CF45CC /* Favorite */,
			);
			path = Scenes;
			sourceTree = "<group>";
		};
		98E57B0A2BB6F83100E6AF5D /* Main */ = {
			isa = PBXGroup;
			children = (
				98E57B0B2BB6F86200E6AF5D /* MainNavigationController.swift */,
				9812FE592BCB0E0F00CF45CC /* MainTabBarController.swift */,
			);
			path = Main;
			sourceTree = "<group>";
		};
		98E57B132BB6FD3F00E6AF5D /* UIComponents */ = {
			isa = PBXGroup;
			children = (
				9826528F2BCBFF9A0020C3B8 /* Extension */,
				98E57B1A2BB6FE4100E6AF5D /* Resources */,
				98E57B142BB6FD7D00E6AF5D /* Cell */,
			);
			path = UIComponents;
			sourceTree = "<group>";
		};
		98E57B142BB6FD7D00E6AF5D /* Cell */ = {
			isa = PBXGroup;
			children = (
				982652852BCBF6800020C3B8 /* University */,
			);
			path = Cell;
			sourceTree = "<group>";
		};
		98E57B1A2BB6FE4100E6AF5D /* Resources */ = {
			isa = PBXGroup;
			children = (
				98E7BAAE2BC9D65B002DD4AC /* Lottie */,
				98E57B1B2BB6FE5800E6AF5D /* Assets */,
			);
			path = Resources;
			sourceTree = "<group>";
		};
		98E57B1B2BB6FE5800E6AF5D /* Assets */ = {
			isa = PBXGroup;
			children = (
				98E57AFD2BB6F65800E6AF5D /* Assets.xcassets */,
				98E57B1D2BB6FE7C00E6AF5D /* Images.xcassets */,
				98E57B1F2BB6FE8800E6AF5D /* Icons.xcassets */,
				98E57B212BB6FE9100E6AF5D /* Colors.xcassets */,
			);
			path = Assets;
			sourceTree = "<group>";
		};
		98E7BAAE2BC9D65B002DD4AC /* Lottie */ = {
			isa = PBXGroup;
			children = (
				98E7BAC22BC9DDA3002DD4AC /* e.json */,
				9812FE532BCAF56100CF45CC /* animationButton.json */,
			);
			path = Lottie;
			sourceTree = "<group>";
		};
		98E7BAAF2BC9D66C002DD4AC /* DataProvider */ = {
			isa = PBXGroup;
			children = (
				98E7BAB02BC9D67E002DD4AC /* Model */,
				98E7BABF2BC9D76C002DD4AC /* Constants */,
				98E7BAB12BC9D6BB002DD4AC /* Request */,
			);
			path = DataProvider;
			sourceTree = "<group>";
		};
		98E7BAB02BC9D67E002DD4AC /* Model */ = {
			isa = PBXGroup;
			children = (
				98E7BAB22BC9D6C9002DD4AC /* Datas.swift */,
				98E7BAB42BC9D6E2002DD4AC /* University.swift */,
				98E7BAB62BC9D6F9002DD4AC /* UniversityDetail.swift */,
			);
			path = Model;
			sourceTree = "<group>";
		};
		98E7BAB12BC9D6BB002DD4AC /* Request */ = {
			isa = PBXGroup;
			children = (
				98E7BAB82BC9D723002DD4AC /* APICaller.swift */,
			);
			path = Request;
			sourceTree = "<group>";
		};
		98E7BABF2BC9D76C002DD4AC /* Constants */ = {
			isa = PBXGroup;
			children = (
				98E7BAC02BC9D783002DD4AC /* NetworkConstants.swift */,
			);
			path = Constants;
			sourceTree = "<group>";
		};
/* End PBXGroup section */

/* Begin PBXNativeTarget section */
		98E57AF02BB6F65600E6AF5D /* UniversitiesApp */ = {
			isa = PBXNativeTarget;
			buildConfigurationList = 98E57B052BB6F65800E6AF5D /* Build configuration list for PBXNativeTarget "UniversitiesApp" */;
			buildPhases = (
				98E57AED2BB6F65600E6AF5D /* Sources */,
				98E57AEE2BB6F65600E6AF5D /* Frameworks */,
				98E57AEF2BB6F65600E6AF5D /* Resources */,
			);
			buildRules = (
			);
			dependencies = (
			);
			name = UniversitiesApp;
			packageProductDependencies = (
				98E57B242BB7020500E6AF5D /* TinyConstraints */,
				98E7BAAA2BC9D242002DD4AC /* Lottie */,
				9812FE662BCB22B100CF45CC /* Alamofire */,
				9826528D2BCBFF720020C3B8 /* Kingfisher */,
			);
			productName = UniversitiesApp;
			productReference = 98E57AF12BB6F65600E6AF5D /* UniversitiesApp.app */;
			productType = "com.apple.product-type.application";
		};
/* End PBXNativeTarget section */

/* Begin PBXProject section */
		98E57AE92BB6F65600E6AF5D /* Project object */ = {
			isa = PBXProject;
			attributes = {
				BuildIndependentTargetsInParallel = 1;
				LastSwiftUpdateCheck = 1520;
				LastUpgradeCheck = 1520;
				TargetAttributes = {
					98E57AF02BB6F65600E6AF5D = {
						CreatedOnToolsVersion = 15.2;
					};
				};
			};
			buildConfigurationList = 98E57AEC2BB6F65600E6AF5D /* Build configuration list for PBXProject "UniversitiesApp" */;
			compatibilityVersion = "Xcode 14.0";
			developmentRegion = en;
			hasScannedForEncodings = 0;
			knownRegions = (
				en,
				Base,
			);
			mainGroup = 98E57AE82BB6F65600E6AF5D;
			packageReferences = (
				98E57B232BB7020500E6AF5D /* XCRemoteSwiftPackageReference "TinyConstraints" */,
				98E7BAA92BC9D242002DD4AC /* XCRemoteSwiftPackageReference "lottie-spm" */,
				9812FE652BCB22B100CF45CC /* XCRemoteSwiftPackageReference "Alamofire" */,
				9826528C2BCBFF720020C3B8 /* XCRemoteSwiftPackageReference "Kingfisher" */,
			);
			productRefGroup = 98E57AF22BB6F65600E6AF5D /* Products */;
			projectDirPath = "";
			projectRoot = "";
			targets = (
				98E57AF02BB6F65600E6AF5D /* UniversitiesApp */,
			);
		};
/* End PBXProject section */

/* Begin PBXResourcesBuildPhase section */
		98E57AEF2BB6F65600E6AF5D /* Resources */ = {
			isa = PBXResourcesBuildPhase;
			buildActionMask = 2147483647;
			files = (
				98E57B222BB6FE9100E6AF5D /* Colors.xcassets in Resources */,
				9812FE542BCAF56100CF45CC /* animationButton.json in Resources */,
				98E7BAC72BC9DDA3002DD4AC /* e.json in Resources */,
				98E57B1E2BB6FE7C00E6AF5D /* Images.xcassets in Resources */,
				98E57B012BB6F65800E6AF5D /* LaunchScreen.storyboard in Resources */,
				98E57B202BB6FE8800E6AF5D /* Icons.xcassets in Resources */,
				98E57AFE2BB6F65800E6AF5D /* Assets.xcassets in Resources */,
			);
			runOnlyForDeploymentPostprocessing = 0;
		};
/* End PBXResourcesBuildPhase section */

/* Begin PBXSourcesBuildPhase section */
		98E57AED2BB6F65600E6AF5D /* Sources */ = {
			isa = PBXSourcesBuildPhase;
			buildActionMask = 2147483647;
			files = (
				983E42BD2BCADBBB00237EAB /* SplashViewModel.swift in Sources */,
				98E7BAC12BC9D783002DD4AC /* NetworkConstants.swift in Sources */,
				9812FE582BCAFE9500CF45CC /* Closures.swift in Sources */,
				982652912BCBFFAD0020C3B8 /* UIImage+Extension.swift in Sources */,
				982652882BCBF6E40020C3B8 /* ProvinceCell.swift in Sources */,
				98E57AF52BB6F65600E6AF5D /* AppDelegate.swift in Sources */,
				9826528B2BCBF6F90020C3B8 /* ProvinceCellModel.swift in Sources */,
				98E7BAB92BC9D723002DD4AC /* APICaller.swift in Sources */,
				98E7BAB72BC9D6F9002DD4AC /* UniversityDetail.swift in Sources */,
				98E57B0C2BB6F86200E6AF5D /* MainNavigationController.swift in Sources */,
				9812FE5A2BCB0E0F00CF45CC /* MainTabBarController.swift in Sources */,
				9812FE5E2BCB178B00CF45CC /* UniversityViewModel.swift in Sources */,
				98E7BAB32BC9D6C9002DD4AC /* Datas.swift in Sources */,
				98E7BAB52BC9D6E2002DD4AC /* University.swift in Sources */,
				9812FE622BCB17AE00CF45CC /* FavoriteViewController.swift in Sources */,
				9812FE602BCB179C00CF45CC /* UniversityViewController.swift in Sources */,
				9812FE642BCB17CC00CF45CC /* FavoriteViewModel.swift in Sources */,
				983E42BF2BCADBD400237EAB /* SplashViewController.swift in Sources */,
			);
			runOnlyForDeploymentPostprocessing = 0;
		};
/* End PBXSourcesBuildPhase section */

/* Begin PBXVariantGroup section */
		98E57AFF2BB6F65800E6AF5D /* LaunchScreen.storyboard */ = {
			isa = PBXVariantGroup;
			children = (
				98E57B002BB6F65800E6AF5D /* Base */,
			);
			name = LaunchScreen.storyboard;
			sourceTree = "<group>";
		};
/* End PBXVariantGroup section */

/* Begin XCBuildConfiguration section */
		98E57B032BB6F65800E6AF5D /* Debug */ = {
			isa = XCBuildConfiguration;
			buildSettings = {
				ALWAYS_SEARCH_USER_PATHS = NO;
				ASSETCATALOG_COMPILER_GENERATE_SWIFT_ASSET_SYMBOL_EXTENSIONS = YES;
				CLANG_ANALYZER_NONNULL = YES;
				CLANG_ANALYZER_NUMBER_OBJECT_CONVERSION = YES_AGGRESSIVE;
				CLANG_CXX_LANGUAGE_STANDARD = "gnu++20";
				CLANG_ENABLE_MODULES = YES;
				CLANG_ENABLE_OBJC_ARC = YES;
				CLANG_ENABLE_OBJC_WEAK = YES;
				CLANG_WARN_BLOCK_CAPTURE_AUTORELEASING = YES;
				CLANG_WARN_BOOL_CONVERSION = YES;
				CLANG_WARN_COMMA = YES;
				CLANG_WARN_CONSTANT_CONVERSION = YES;
				CLANG_WARN_DEPRECATED_OBJC_IMPLEMENTATIONS = YES;
				CLANG_WARN_DIRECT_OBJC_ISA_USAGE = YES_ERROR;
				CLANG_WARN_DOCUMENTATION_COMMENTS = YES;
				CLANG_WARN_EMPTY_BODY = YES;
				CLANG_WARN_ENUM_CONVERSION = YES;
				CLANG_WARN_INFINITE_RECURSION = YES;
				CLANG_WARN_INT_CONVERSION = YES;
				CLANG_WARN_NON_LITERAL_NULL_CONVERSION = YES;
				CLANG_WARN_OBJC_IMPLICIT_RETAIN_SELF = YES;
				CLANG_WARN_OBJC_LITERAL_CONVERSION = YES;
				CLANG_WARN_OBJC_ROOT_CLASS = YES_ERROR;
				CLANG_WARN_QUOTED_INCLUDE_IN_FRAMEWORK_HEADER = YES;
				CLANG_WARN_RANGE_LOOP_ANALYSIS = YES;
				CLANG_WARN_STRICT_PROTOTYPES = YES;
				CLANG_WARN_SUSPICIOUS_MOVE = YES;
				CLANG_WARN_UNGUARDED_AVAILABILITY = YES_AGGRESSIVE;
				CLANG_WARN_UNREACHABLE_CODE = YES;
				CLANG_WARN__DUPLICATE_METHOD_MATCH = YES;
				COPY_PHASE_STRIP = NO;
				DEBUG_INFORMATION_FORMAT = dwarf;
				ENABLE_STRICT_OBJC_MSGSEND = YES;
				ENABLE_TESTABILITY = YES;
				ENABLE_USER_SCRIPT_SANDBOXING = YES;
				GCC_C_LANGUAGE_STANDARD = gnu17;
				GCC_DYNAMIC_NO_PIC = NO;
				GCC_NO_COMMON_BLOCKS = YES;
				GCC_OPTIMIZATION_LEVEL = 0;
				GCC_PREPROCESSOR_DEFINITIONS = (
					"DEBUG=1",
					"$(inherited)",
				);
				GCC_WARN_64_TO_32_BIT_CONVERSION = YES;
				GCC_WARN_ABOUT_RETURN_TYPE = YES_ERROR;
				GCC_WARN_UNDECLARED_SELECTOR = YES;
				GCC_WARN_UNINITIALIZED_AUTOS = YES_AGGRESSIVE;
				GCC_WARN_UNUSED_FUNCTION = YES;
				GCC_WARN_UNUSED_VARIABLE = YES;
				IPHONEOS_DEPLOYMENT_TARGET = 13.0;
				LOCALIZATION_PREFERS_STRING_CATALOGS = YES;
				MTL_ENABLE_DEBUG_INFO = INCLUDE_SOURCE;
				MTL_FAST_MATH = YES;
				ONLY_ACTIVE_ARCH = YES;
				SDKROOT = iphoneos;
				SWIFT_ACTIVE_COMPILATION_CONDITIONS = "DEBUG $(inherited)";
				SWIFT_OPTIMIZATION_LEVEL = "-Onone";
			};
			name = Debug;
		};
		98E57B042BB6F65800E6AF5D /* Release */ = {
			isa = XCBuildConfiguration;
			buildSettings = {
				ALWAYS_SEARCH_USER_PATHS = NO;
				ASSETCATALOG_COMPILER_GENERATE_SWIFT_ASSET_SYMBOL_EXTENSIONS = YES;
				CLANG_ANALYZER_NONNULL = YES;
				CLANG_ANALYZER_NUMBER_OBJECT_CONVERSION = YES_AGGRESSIVE;
				CLANG_CXX_LANGUAGE_STANDARD = "gnu++20";
				CLANG_ENABLE_MODULES = YES;
				CLANG_ENABLE_OBJC_ARC = YES;
				CLANG_ENABLE_OBJC_WEAK = YES;
				CLANG_WARN_BLOCK_CAPTURE_AUTORELEASING = YES;
				CLANG_WARN_BOOL_CONVERSION = YES;
				CLANG_WARN_COMMA = YES;
				CLANG_WARN_CONSTANT_CONVERSION = YES;
				CLANG_WARN_DEPRECATED_OBJC_IMPLEMENTATIONS = YES;
				CLANG_WARN_DIRECT_OBJC_ISA_USAGE = YES_ERROR;
				CLANG_WARN_DOCUMENTATION_COMMENTS = YES;
				CLANG_WARN_EMPTY_BODY = YES;
				CLANG_WARN_ENUM_CONVERSION = YES;
				CLANG_WARN_INFINITE_RECURSION = YES;
				CLANG_WARN_INT_CONVERSION = YES;
				CLANG_WARN_NON_LITERAL_NULL_CONVERSION = YES;
				CLANG_WARN_OBJC_IMPLICIT_RETAIN_SELF = YES;
				CLANG_WARN_OBJC_LITERAL_CONVERSION = YES;
				CLANG_WARN_OBJC_ROOT_CLASS = YES_ERROR;
				CLANG_WARN_QUOTED_INCLUDE_IN_FRAMEWORK_HEADER = YES;
				CLANG_WARN_RANGE_LOOP_ANALYSIS = YES;
				CLANG_WARN_STRICT_PROTOTYPES = YES;
				CLANG_WARN_SUSPICIOUS_MOVE = YES;
				CLANG_WARN_UNGUARDED_AVAILABILITY = YES_AGGRESSIVE;
				CLANG_WARN_UNREACHABLE_CODE = YES;
				CLANG_WARN__DUPLICATE_METHOD_MATCH = YES;
				COPY_PHASE_STRIP = NO;
				DEBUG_INFORMATION_FORMAT = "dwarf-with-dsym";
				ENABLE_NS_ASSERTIONS = NO;
				ENABLE_STRICT_OBJC_MSGSEND = YES;
				ENABLE_USER_SCRIPT_SANDBOXING = YES;
				GCC_C_LANGUAGE_STANDARD = gnu17;
				GCC_NO_COMMON_BLOCKS = YES;
				GCC_WARN_64_TO_32_BIT_CONVERSION = YES;
				GCC_WARN_ABOUT_RETURN_TYPE = YES_ERROR;
				GCC_WARN_UNDECLARED_SELECTOR = YES;
				GCC_WARN_UNINITIALIZED_AUTOS = YES_AGGRESSIVE;
				GCC_WARN_UNUSED_FUNCTION = YES;
				GCC_WARN_UNUSED_VARIABLE = YES;
				IPHONEOS_DEPLOYMENT_TARGET = 13.0;
				LOCALIZATION_PREFERS_STRING_CATALOGS = YES;
				MTL_ENABLE_DEBUG_INFO = NO;
				MTL_FAST_MATH = YES;
				SDKROOT = iphoneos;
				SWIFT_COMPILATION_MODE = wholemodule;
				VALIDATE_PRODUCT = YES;
			};
			name = Release;
		};
		98E57B062BB6F65800E6AF5D /* Debug */ = {
			isa = XCBuildConfiguration;
			buildSettings = {
				ASSETCATALOG_COMPILER_APPICON_NAME = AppIcon;
				ASSETCATALOG_COMPILER_GLOBAL_ACCENT_COLOR_NAME = AccentColor;
				CODE_SIGN_STYLE = Automatic;
				CURRENT_PROJECT_VERSION = 1;
				DEVELOPMENT_TEAM = 66C8Q7ZLNJ;
				GENERATE_INFOPLIST_FILE = YES;
				INFOPLIST_FILE = UniversitiesApp/Info.plist;
				INFOPLIST_KEY_CFBundleDisplayName = Universities;
				INFOPLIST_KEY_UIApplicationSupportsIndirectInputEvents = YES;
				INFOPLIST_KEY_UILaunchStoryboardName = LaunchScreen;
				INFOPLIST_KEY_UISupportedInterfaceOrientations_iPad = "UIInterfaceOrientationPortrait UIInterfaceOrientationPortraitUpsideDown UIInterfaceOrientationLandscapeLeft UIInterfaceOrientationLandscapeRight";
				INFOPLIST_KEY_UISupportedInterfaceOrientations_iPhone = "UIInterfaceOrientationPortrait UIInterfaceOrientationLandscapeLeft UIInterfaceOrientationLandscapeRight";
				IPHONEOS_DEPLOYMENT_TARGET = 13.0;
				LD_RUNPATH_SEARCH_PATHS = (
					"$(inherited)",
					"@executable_path/Frameworks",
				);
				MARKETING_VERSION = 1.0;
				PRODUCT_BUNDLE_IDENTIFIER = info.UniversitiesApp;
				PRODUCT_NAME = "$(TARGET_NAME)";
				SWIFT_EMIT_LOC_STRINGS = YES;
				SWIFT_VERSION = 5.0;
				TARGETED_DEVICE_FAMILY = "1,2";
			};
			name = Debug;
		};
		98E57B072BB6F65800E6AF5D /* Release */ = {
			isa = XCBuildConfiguration;
			buildSettings = {
				ASSETCATALOG_COMPILER_APPICON_NAME = AppIcon;
				ASSETCATALOG_COMPILER_GLOBAL_ACCENT_COLOR_NAME = AccentColor;
				CODE_SIGN_STYLE = Automatic;
				CURRENT_PROJECT_VERSION = 1;
				DEVELOPMENT_TEAM = 66C8Q7ZLNJ;
				GENERATE_INFOPLIST_FILE = YES;
				INFOPLIST_FILE = UniversitiesApp/Info.plist;
				INFOPLIST_KEY_CFBundleDisplayName = Universities;
				INFOPLIST_KEY_UIApplicationSupportsIndirectInputEvents = YES;
				INFOPLIST_KEY_UILaunchStoryboardName = LaunchScreen;
				INFOPLIST_KEY_UISupportedInterfaceOrientations_iPad = "UIInterfaceOrientationPortrait UIInterfaceOrientationPortraitUpsideDown UIInterfaceOrientationLandscapeLeft UIInterfaceOrientationLandscapeRight";
				INFOPLIST_KEY_UISupportedInterfaceOrientations_iPhone = "UIInterfaceOrientationPortrait UIInterfaceOrientationLandscapeLeft UIInterfaceOrientationLandscapeRight";
				IPHONEOS_DEPLOYMENT_TARGET = 13.0;
				LD_RUNPATH_SEARCH_PATHS = (
					"$(inherited)",
					"@executable_path/Frameworks",
				);
				MARKETING_VERSION = 1.0;
				ONLY_ACTIVE_ARCH = YES;
				PRODUCT_BUNDLE_IDENTIFIER = info.UniversitiesApp;
				PRODUCT_NAME = "$(TARGET_NAME)";
				SWIFT_EMIT_LOC_STRINGS = YES;
				SWIFT_VERSION = 5.0;
				TARGETED_DEVICE_FAMILY = "1,2";
			};
			name = Release;
		};
/* End XCBuildConfiguration section */

/* Begin XCConfigurationList section */
		98E57AEC2BB6F65600E6AF5D /* Build configuration list for PBXProject "UniversitiesApp" */ = {
			isa = XCConfigurationList;
			buildConfigurations = (
				98E57B032BB6F65800E6AF5D /* Debug */,
				98E57B042BB6F65800E6AF5D /* Release */,
			);
			defaultConfigurationIsVisible = 0;
			defaultConfigurationName = Release;
		};
		98E57B052BB6F65800E6AF5D /* Build configuration list for PBXNativeTarget "UniversitiesApp" */ = {
			isa = XCConfigurationList;
			buildConfigurations = (
				98E57B062BB6F65800E6AF5D /* Debug */,
				98E57B072BB6F65800E6AF5D /* Release */,
			);
			defaultConfigurationIsVisible = 0;
			defaultConfigurationName = Release;
		};
/* End XCConfigurationList section */

/* Begin XCRemoteSwiftPackageReference section */
		9812FE652BCB22B100CF45CC /* XCRemoteSwiftPackageReference "Alamofire" */ = {
			isa = XCRemoteSwiftPackageReference;
			repositoryURL = "http://github.com//Alamofire/Alamofire.git";
			requirement = {
				kind = upToNextMajorVersion;
				minimumVersion = 5.9.1;
			};
		};
		9826528C2BCBFF720020C3B8 /* XCRemoteSwiftPackageReference "Kingfisher" */ = {
			isa = XCRemoteSwiftPackageReference;
			repositoryURL = "https://github.com/onevcat/Kingfisher";
			requirement = {
				kind = upToNextMajorVersion;
				minimumVersion = 7.11.0;
			};
		};
		98E57B232BB7020500E6AF5D /* XCRemoteSwiftPackageReference "TinyConstraints" */ = {
			isa = XCRemoteSwiftPackageReference;
			repositoryURL = "https://github.com/roberthein/TinyConstraints.git";
			requirement = {
				kind = upToNextMajorVersion;
				minimumVersion = 4.0.2;
			};
		};
		98E7BAA92BC9D242002DD4AC /* XCRemoteSwiftPackageReference "lottie-spm" */ = {
			isa = XCRemoteSwiftPackageReference;
			repositoryURL = "https://github.com/airbnb/lottie-spm.git";
			requirement = {
				kind = upToNextMajorVersion;
				minimumVersion = 4.4.2;
			};
		};
/* End XCRemoteSwiftPackageReference section */

/* Begin XCSwiftPackageProductDependency section */
		9812FE662BCB22B100CF45CC /* Alamofire */ = {
			isa = XCSwiftPackageProductDependency;
			package = 9812FE652BCB22B100CF45CC /* XCRemoteSwiftPackageReference "Alamofire" */;
			productName = Alamofire;
		};
		9826528D2BCBFF720020C3B8 /* Kingfisher */ = {
			isa = XCSwiftPackageProductDependency;
			package = 9826528C2BCBFF720020C3B8 /* XCRemoteSwiftPackageReference "Kingfisher" */;
			productName = Kingfisher;
		};
		98E57B242BB7020500E6AF5D /* TinyConstraints */ = {
			isa = XCSwiftPackageProductDependency;
			package = 98E57B232BB7020500E6AF5D /* XCRemoteSwiftPackageReference "TinyConstraints" */;
			productName = TinyConstraints;
		};
		98E7BAAA2BC9D242002DD4AC /* Lottie */ = {
			isa = XCSwiftPackageProductDependency;
			package = 98E7BAA92BC9D242002DD4AC /* XCRemoteSwiftPackageReference "lottie-spm" */;
			productName = Lottie;
		};
/* End XCSwiftPackageProductDependency section */
	};
	rootObject = 98E57AE92BB6F65600E6AF5D /* Project object */;
}
